dependencies:
- name: dex
  repository: https://charts.dexidp.io
  version: 0.12.1
- name: minio
  repository: https://charts.min.io/
  version: 5.0.4
- name: kubed
  repository: https://charts.appscode.com/stable/
  version: v0.13.2
- name: epinio-ui
  repository: https://epinio.github.io/helm-charts
  version: 1.7.2
digest: sha256:be44f9c7067d87650de2b6966084543d398b6569360912d702f3dc6f805f0607
generated: "2023-06-04T15:32:37.487481091+02:00"
