dependencies:
- name: dex
  repository: https://charts.dexidp.io
  version: 0.14.0
- name: minio
  repository: https://charts.min.io/
  version: 5.0.7
- name: kubed
  repository: https://charts.appscode.com/stable/
  version: v0.13.2
- name: epinio-ui
  repository: https://epinio.github.io/helm-charts
  version: 1.5.3
digest: sha256:9ebd786f7487bff3d5c9a59fea77793e2e8aa1087c42b9f6b0e704741625615e
generated: "2023-03-22T16:21:33.883960017+01:00"
