dependencies:
- name: dex
  repository: https://charts.dexidp.io
  version: 0.14.0
- name: minio
  repository: https://charts.min.io/
  version: 5.0.7
- name: kubed
  repository: https://charts.appscode.com/stable/
  version: v0.13.2
- name: epinio-ui
  repository: https://epinio.github.io/helm-charts
  version: 1.7.2
digest: sha256:fa05739d0fcdf723771b51b4e35db0fbe36e836510ca423d479a89d00c33b9c6
generated: "2023-03-27T17:10:07.492768436+02:00"
