dependencies:
- name: influxdb
  repository: https://helm.influxdata.com
  version: 4.12.0
- name: grafana
  repository: https://grafana.github.io/helm-charts
  version: 6.57.0
digest: sha256:9a914d654b8b768b8c6afdb64ba6ff63b4c03b733115c82a29c2db126ce9adbf
generated: "2023-06-04T15:33:13.55085441+02:00"
