dependencies:
- name: influxdb
  repository: https://helm.influxdata.com
  version: 4.12.1
- name: grafana
  repository: https://grafana.github.io/helm-charts
  version: 6.52.4
digest: sha256:d26d52c16519f032e0e2d0906da01ceda7dea82f1362b77d19cd1ee1c831bd53
generated: "2023-03-22T16:25:25.301060175+01:00"
