dependencies:
- name: influxdb
  repository: https://helm.influxdata.com
  version: 4.12.1
- name: grafana
  repository: https://grafana.github.io/helm-charts
  version: 6.45.1
digest: sha256:7409f6bfe5791dd8d157bdd64ed929716337c1b7b074c7bc9a232a06445c1f25
generated: "2023-03-22T16:22:15.186965309+01:00"
